
Microsoft Visual Studio Solution File, Format Version 12.00
# Visual Studio Version 17
VisualStudioVersion = 17.9.34723.18
MinimumVisualStudioVersion = 10.0.40219.1
Project("{FAE04EC0-301F-11D3-BF4B-00C04F79EFBC}") = "Delegates", "C#\Delegates.csproj", "{02FE86C5-66E2-4CF9-9A12-3E8B292891C3}"
EndProject
Global
	GlobalSection(SolutionConfigurationPlatforms) = preSolution
		Debug|Any CPU = Debug|Any CPU
		Release|Any CPU = Release|Any CPU
	EndGlobalSection
	GlobalSection(ProjectConfigurationPlatforms) = postSolution
		{02FE86C5-66E2-4CF9-9A12-3E8B292891C3}.Debug|Any CPU.ActiveCfg = Debug|Any CPU
		{02FE86C5-66E2-4CF9-9A12-3E8B292891C3}.Debug|Any CPU.Build.0 = Debug|Any CPU
		{02FE86C5-66E2-4CF9-9A12-3E8B292891C3}.Release|Any CPU.ActiveCfg = Release|Any CPU
		{02FE86C5-66E2-4CF9-9A12-3E8B292891C3}.Release|Any CPU.Build.0 = Release|Any CPU
	EndGlobalSection
	GlobalSection(SolutionProperties) = preSolution
		HideSolutionNode = FALSE
	EndGlobalSection
	GlobalSection(ExtensibilityGlobals) = postSolution
		SolutionGuid = {03E001B1-5BC0-4D99-B882-ADD3AB9EFE1A}
	EndGlobalSection
EndGlobal
